
Microsoft Visual Studio Solution File, Format Version 12.00
Project("{2150E333-8FDC-42A3-9474-1A3956D46DE8}") = "benchmark", "benchmark", "{7FC5A863-7591-4B8F-AD33-F34E3D5C6D33}"
EndProject
Project("{2150E333-8FDC-42A3-9474-1A3956D46DE8}") = "src", "src", "{DFE235CA-7D55-4694-9A13-2352FA7AEBB0}"
EndProject
Project("{2150E333-8FDC-42A3-9474-1A3956D46DE8}") = "demo", "demo", "{5F57A878-C6BE-4D9E-8869-3D3EC05D1369}"
EndProject
Project("{2150E333-8FDC-42A3-9474-1A3956D46DE8}") = "tests", "tests", "{05200ED1-7CDF-430B-9A88-78CDC99EC807}"
EndProject
Project("{FAE04EC0-301F-11D3-BF4B-00C04F79EFBC}") = "Benchmark", "benchmark\Benchmark\Benchmark.csproj", "{25AD8A02-0D62-4955-B2AE-9E56A5B1E684}"
EndProject
Project("{FAE04EC0-301F-11D3-BF4B-00C04F79EFBC}") = "Demo", "demo\Demo\Demo.csproj", "{A05A5FB2-61E4-4D66-845C-D5B0D3409D24}"
EndProject
Project("{FAE04EC0-301F-11D3-BF4B-00C04F79EFBC}") = "TestProject", "tests\TestProject\TestProject.csproj", "{02A8C9ED-56B1-4260-9894-1BBE56AC1E0F}"
EndProject
Project("{FAE04EC0-301F-11D3-BF4B-00C04F79EFBC}") = "Zaabee.AspNetCore.Formatters.Jil", "src\Zaabee.AspNetCore.Formatters.Jil\Zaabee.AspNetCore.Formatters.Jil.csproj", "{5C6721DC-D71A-40F4-9A2A-9221E16005F4}"
EndProject
Project("{FAE04EC0-301F-11D3-BF4B-00C04F79EFBC}") = "Zaabee.AspNetCore.Formatters.MsgPack", "src\Zaabee.AspNetCore.Formatters.MsgPack\Zaabee.AspNetCore.Formatters.MsgPack.csproj", "{2C85DE81-6592-4536-8E86-A29F49821F10}"
EndProject
Project("{FAE04EC0-301F-11D3-BF4B-00C04F79EFBC}") = "Zaabee.AspNetCore.Formatters.Protobuf", "src\Zaabee.AspNetCore.Formatters.Protobuf\Zaabee.AspNetCore.Formatters.Protobuf.csproj", "{00A4A307-B746-4350-8DAE-7559147B0315}"
EndProject
Project("{FAE04EC0-301F-11D3-BF4B-00C04F79EFBC}") = "Zaabee.AspNetCore.Formatters.Utf8Json", "src\Zaabee.AspNetCore.Formatters.Utf8Json\Zaabee.AspNetCore.Formatters.Utf8Json.csproj", "{8F5C38E0-ABBB-45C7-8934-AE60B1D60689}"
EndProject
Project("{FAE04EC0-301F-11D3-BF4B-00C04F79EFBC}") = "Zaabee.AspNetCore.Formatters.ZeroFormatter", "src\Zaabee.AspNetCore.Formatters.ZeroFormatter\Zaabee.AspNetCore.Formatters.ZeroFormatter.csproj", "{E5F6923F-D074-4BDE-A049-95389F61365B}"
EndProject
Global
	GlobalSection(SolutionConfigurationPlatforms) = preSolution
		Debug|Any CPU = Debug|Any CPU
		Release|Any CPU = Release|Any CPU
	EndGlobalSection
	GlobalSection(ProjectConfigurationPlatforms) = postSolution
		{25AD8A02-0D62-4955-B2AE-9E56A5B1E684}.Debug|Any CPU.ActiveCfg = Debug|Any CPU
		{25AD8A02-0D62-4955-B2AE-9E56A5B1E684}.Debug|Any CPU.Build.0 = Debug|Any CPU
		{25AD8A02-0D62-4955-B2AE-9E56A5B1E684}.Release|Any CPU.ActiveCfg = Release|Any CPU
		{25AD8A02-0D62-4955-B2AE-9E56A5B1E684}.Release|Any CPU.Build.0 = Release|Any CPU
		{A05A5FB2-61E4-4D66-845C-D5B0D3409D24}.Debug|Any CPU.ActiveCfg = Debug|Any CPU
		{A05A5FB2-61E4-4D66-845C-D5B0D3409D24}.Debug|Any CPU.Build.0 = Debug|Any CPU
		{A05A5FB2-61E4-4D66-845C-D5B0D3409D24}.Release|Any CPU.ActiveCfg = Release|Any CPU
		{A05A5FB2-61E4-4D66-845C-D5B0D3409D24}.Release|Any CPU.Build.0 = Release|Any CPU
		{02A8C9ED-56B1-4260-9894-1BBE56AC1E0F}.Debug|Any CPU.ActiveCfg = Debug|Any CPU
		{02A8C9ED-56B1-4260-9894-1BBE56AC1E0F}.Debug|Any CPU.Build.0 = Debug|Any CPU
		{02A8C9ED-56B1-4260-9894-1BBE56AC1E0F}.Release|Any CPU.ActiveCfg = Release|Any CPU
		{02A8C9ED-56B1-4260-9894-1BBE56AC1E0F}.Release|Any CPU.Build.0 = Release|Any CPU
		{5C6721DC-D71A-40F4-9A2A-9221E16005F4}.Debug|Any CPU.ActiveCfg = Debug|Any CPU
		{5C6721DC-D71A-40F4-9A2A-9221E16005F4}.Debug|Any CPU.Build.0 = Debug|Any CPU
		{5C6721DC-D71A-40F4-9A2A-9221E16005F4}.Release|Any CPU.ActiveCfg = Release|Any CPU
		{5C6721DC-D71A-40F4-9A2A-9221E16005F4}.Release|Any CPU.Build.0 = Release|Any CPU
		{2C85DE81-6592-4536-8E86-A29F49821F10}.Debug|Any CPU.ActiveCfg = Debug|Any CPU
		{2C85DE81-6592-4536-8E86-A29F49821F10}.Debug|Any CPU.Build.0 = Debug|Any CPU
		{2C85DE81-6592-4536-8E86-A29F49821F10}.Release|Any CPU.ActiveCfg = Release|Any CPU
		{2C85DE81-6592-4536-8E86-A29F49821F10}.Release|Any CPU.Build.0 = Release|Any CPU
		{00A4A307-B746-4350-8DAE-7559147B0315}.Debug|Any CPU.ActiveCfg = Debug|Any CPU
		{00A4A307-B746-4350-8DAE-7559147B0315}.Debug|Any CPU.Build.0 = Debug|Any CPU
		{00A4A307-B746-4350-8DAE-7559147B0315}.Release|Any CPU.ActiveCfg = Release|Any CPU
		{00A4A307-B746-4350-8DAE-7559147B0315}.Release|Any CPU.Build.0 = Release|Any CPU
		{8F5C38E0-ABBB-45C7-8934-AE60B1D60689}.Debug|Any CPU.ActiveCfg = Debug|Any CPU
		{8F5C38E0-ABBB-45C7-8934-AE60B1D60689}.Debug|Any CPU.Build.0 = Debug|Any CPU
		{8F5C38E0-ABBB-45C7-8934-AE60B1D60689}.Release|Any CPU.ActiveCfg = Release|Any CPU
		{8F5C38E0-ABBB-45C7-8934-AE60B1D60689}.Release|Any CPU.Build.0 = Release|Any CPU
		{E5F6923F-D074-4BDE-A049-95389F61365B}.Debug|Any CPU.ActiveCfg = Debug|Any CPU
		{E5F6923F-D074-4BDE-A049-95389F61365B}.Debug|Any CPU.Build.0 = Debug|Any CPU
		{E5F6923F-D074-4BDE-A049-95389F61365B}.Release|Any CPU.ActiveCfg = Release|Any CPU
		{E5F6923F-D074-4BDE-A049-95389F61365B}.Release|Any CPU.Build.0 = Release|Any CPU
	EndGlobalSection
	GlobalSection(NestedProjects) = preSolution
		{25AD8A02-0D62-4955-B2AE-9E56A5B1E684} = {7FC5A863-7591-4B8F-AD33-F34E3D5C6D33}
		{A05A5FB2-61E4-4D66-845C-D5B0D3409D24} = {5F57A878-C6BE-4D9E-8869-3D3EC05D1369}
		{02A8C9ED-56B1-4260-9894-1BBE56AC1E0F} = {05200ED1-7CDF-430B-9A88-78CDC99EC807}
		{5C6721DC-D71A-40F4-9A2A-9221E16005F4} = {DFE235CA-7D55-4694-9A13-2352FA7AEBB0}
		{2C85DE81-6592-4536-8E86-A29F49821F10} = {DFE235CA-7D55-4694-9A13-2352FA7AEBB0}
		{00A4A307-B746-4350-8DAE-7559147B0315} = {DFE235CA-7D55-4694-9A13-2352FA7AEBB0}
		{8F5C38E0-ABBB-45C7-8934-AE60B1D60689} = {DFE235CA-7D55-4694-9A13-2352FA7AEBB0}
		{E5F6923F-D074-4BDE-A049-95389F61365B} = {DFE235CA-7D55-4694-9A13-2352FA7AEBB0}
	EndGlobalSection
EndGlobal
